// !$*UTF8*$!
{
	archiveVersion = 1;
	classes = {
	};
	objectVersion = 56;
	objects = {

/* Begin PBXBuildFile section */
		402D3D232AD31EF900EB7004 /* EmbeddedSystemsPresentationApp.swift in Sources */ = {isa = PBXBuildFile; fileRef = 402D3D222AD31EF900EB7004 /* EmbeddedSystemsPresentationApp.swift */; };
		402D3D272AD31EFA00EB7004 /* Assets.xcassets in Resources */ = {isa = PBXBuildFile; fileRef = 402D3D262AD31EFA00EB7004 /* Assets.xcassets */; };
		402D3D2A2AD31EFA00EB7004 /* Preview Assets.xcassets in Resources */ = {isa = PBXBuildFile; fileRef = 402D3D292AD31EFA00EB7004 /* Preview Assets.xcassets */; };
		402D3D332AD31F2700EB7004 /* PresentationKit in Frameworks */ = {isa = PBXBuildFile; productRef = 402D3D322AD31F2700EB7004 /* PresentationKit */; };
		402D3D362AD31FFC00EB7004 /* Title.swift in Sources */ = {isa = PBXBuildFile; fileRef = 402D3D352AD31FFC00EB7004 /* Title.swift */; };
		402D3D382AD3224400EB7004 /* What.swift in Sources */ = {isa = PBXBuildFile; fileRef = 402D3D372AD3224400EB7004 /* What.swift */; };
		402D3D3A2AD3243F00EB7004 /* MCU.swift in Sources */ = {isa = PBXBuildFile; fileRef = 402D3D392AD3243F00EB7004 /* MCU.swift */; };
		402D3D402AD32FB900EB7004 /* Shimmer in Frameworks */ = {isa = PBXBuildFile; productRef = 402D3D3F2AD32FB900EB7004 /* Shimmer */; };
		402D3D422AD394FF00EB7004 /* Arduino.swift in Sources */ = {isa = PBXBuildFile; fileRef = 402D3D412AD394FF00EB7004 /* Arduino.swift */; };
		402D3D442AD39D1600EB7004 /* SwiftIntro.swift in Sources */ = {isa = PBXBuildFile; fileRef = 402D3D432AD39D1600EB7004 /* SwiftIntro.swift */; };
		402D3D4B2AD7063100EB7004 /* Code.swift in Sources */ = {isa = PBXBuildFile; fileRef = 402D3D4A2AD7063100EB7004 /* Code.swift */; };
		402D3D4D2AD70C1700EB7004 /* Rust.swift in Sources */ = {isa = PBXBuildFile; fileRef = 402D3D4C2AD70C1700EB7004 /* Rust.swift */; };
/* End PBXBuildFile section */

/* Begin PBXFileReference section */
		402D3D1F2AD31EF900EB7004 /* EmbeddedSystemsPresentation.app */ = {isa = PBXFileReference; explicitFileType = wrapper.application; includeInIndex = 0; path = EmbeddedSystemsPresentation.app; sourceTree = BUILT_PRODUCTS_DIR; };
		402D3D222AD31EF900EB7004 /* EmbeddedSystemsPresentationApp.swift */ = {isa = PBXFileReference; lastKnownFileType = sourcecode.swift; path = EmbeddedSystemsPresentationApp.swift; sourceTree = "<group>"; };
		402D3D262AD31EFA00EB7004 /* Assets.xcassets */ = {isa = PBXFileReference; lastKnownFileType = folder.assetcatalog; path = Assets.xcassets; sourceTree = "<group>"; };
		402D3D292AD31EFA00EB7004 /* Preview Assets.xcassets */ = {isa = PBXFileReference; lastKnownFileType = folder.assetcatalog; path = "Preview Assets.xcassets"; sourceTree = "<group>"; };
		402D3D2B2AD31EFA00EB7004 /* EmbeddedSystemsPresentation.entitlements */ = {isa = PBXFileReference; lastKnownFileType = text.plist.entitlements; path = EmbeddedSystemsPresentation.entitlements; sourceTree = "<group>"; };
		402D3D352AD31FFC00EB7004 /* Title.swift */ = {isa = PBXFileReference; lastKnownFileType = sourcecode.swift; path = Title.swift; sourceTree = "<group>"; };
		402D3D372AD3224400EB7004 /* What.swift */ = {isa = PBXFileReference; lastKnownFileType = sourcecode.swift; path = What.swift; sourceTree = "<group>"; };
		402D3D392AD3243F00EB7004 /* MCU.swift */ = {isa = PBXFileReference; lastKnownFileType = sourcecode.swift; path = MCU.swift; sourceTree = "<group>"; };
		402D3D412AD394FF00EB7004 /* Arduino.swift */ = {isa = PBXFileReference; lastKnownFileType = sourcecode.swift; path = Arduino.swift; sourceTree = "<group>"; };
		402D3D432AD39D1600EB7004 /* SwiftIntro.swift */ = {isa = PBXFileReference; lastKnownFileType = sourcecode.swift; path = SwiftIntro.swift; sourceTree = "<group>"; };
		402D3D4A2AD7063100EB7004 /* Code.swift */ = {isa = PBXFileReference; lastKnownFileType = sourcecode.swift; path = Code.swift; sourceTree = "<group>"; };
		402D3D4C2AD70C1700EB7004 /* Rust.swift */ = {isa = PBXFileReference; lastKnownFileType = sourcecode.swift; path = Rust.swift; sourceTree = "<group>"; };
/* End PBXFileReference section */

/* Begin PBXFrameworksBuildPhase section */
		402D3D1C2AD31EF900EB7004 /* Frameworks */ = {
			isa = PBXFrameworksBuildPhase;
			buildActionMask = 2147483647;
			files = (
				402D3D402AD32FB900EB7004 /* Shimmer in Frameworks */,
				402D3D332AD31F2700EB7004 /* PresentationKit in Frameworks */,
			);
			runOnlyForDeploymentPostprocessing = 0;
		};
/* End PBXFrameworksBuildPhase section */

/* Begin PBXGroup section */
		402D3D162AD31EF900EB7004 = {
			isa = PBXGroup;
			children = (
				402D3D212AD31EF900EB7004 /* EmbeddedSystemsPresentation */,
				402D3D202AD31EF900EB7004 /* Products */,
			);
			sourceTree = "<group>";
		};
		402D3D202AD31EF900EB7004 /* Products */ = {
			isa = PBXGroup;
			children = (
				402D3D1F2AD31EF900EB7004 /* EmbeddedSystemsPresentation.app */,
			);
			name = Products;
			sourceTree = "<group>";
		};
		402D3D212AD31EF900EB7004 /* EmbeddedSystemsPresentation */ = {
			isa = PBXGroup;
			children = (
				402D3D222AD31EF900EB7004 /* EmbeddedSystemsPresentationApp.swift */,
				402D3D342AD31FE200EB7004 /* Slides */,
				402D3D452AD6F74200EB7004 /* Other */,
				402D3D262AD31EFA00EB7004 /* Assets.xcassets */,
				402D3D2B2AD31EFA00EB7004 /* EmbeddedSystemsPresentation.entitlements */,
				402D3D282AD31EFA00EB7004 /* Preview Content */,
			);
			path = EmbeddedSystemsPresentation;
			sourceTree = "<group>";
		};
		402D3D282AD31EFA00EB7004 /* Preview Content */ = {
			isa = PBXGroup;
			children = (
				402D3D292AD31EFA00EB7004 /* Preview Assets.xcassets */,
			);
			path = "Preview Content";
			sourceTree = "<group>";
		};
		402D3D342AD31FE200EB7004 /* Slides */ = {
			isa = PBXGroup;
			children = (
				402D3D352AD31FFC00EB7004 /* Title.swift */,
				402D3D372AD3224400EB7004 /* What.swift */,
				402D3D412AD394FF00EB7004 /* Arduino.swift */,
				402D3D392AD3243F00EB7004 /* MCU.swift */,
				402D3D4A2AD7063100EB7004 /* Code.swift */,
				402D3D432AD39D1600EB7004 /* SwiftIntro.swift */,
			);
			path = Slides;
			sourceTree = "<group>";
		};
		402D3D452AD6F74200EB7004 /* Other */ = {
			isa = PBXGroup;
			children = (
				402D3D4C2AD70C1700EB7004 /* Rust.swift */,
			);
			path = Other;
			sourceTree = "<group>";
		};
/* End PBXGroup section */

/* Begin PBXNativeTarget section */
		402D3D1E2AD31EF900EB7004 /* EmbeddedSystemsPresentation */ = {
			isa = PBXNativeTarget;
			buildConfigurationList = 402D3D2E2AD31EFA00EB7004 /* Build configuration list for PBXNativeTarget "EmbeddedSystemsPresentation" */;
			buildPhases = (
				402D3D1B2AD31EF900EB7004 /* Sources */,
				402D3D1C2AD31EF900EB7004 /* Frameworks */,
				402D3D1D2AD31EF900EB7004 /* Resources */,
			);
			buildRules = (
			);
			dependencies = (
			);
			name = EmbeddedSystemsPresentation;
			packageProductDependencies = (
				402D3D322AD31F2700EB7004 /* PresentationKit */,
				402D3D3F2AD32FB900EB7004 /* Shimmer */,
			);
			productName = EmbeddedSystemsPresentation;
			productReference = 402D3D1F2AD31EF900EB7004 /* EmbeddedSystemsPresentation.app */;
			productType = "com.apple.product-type.application";
		};
/* End PBXNativeTarget section */

/* Begin PBXProject section */
		402D3D172AD31EF900EB7004 /* Project object */ = {
			isa = PBXProject;
			attributes = {
				BuildIndependentTargetsInParallel = 1;
				LastSwiftUpdateCheck = 1500;
				LastUpgradeCheck = 1500;
				TargetAttributes = {
					402D3D1E2AD31EF900EB7004 = {
						CreatedOnToolsVersion = 15.0;
					};
				};
			};
			buildConfigurationList = 402D3D1A2AD31EF900EB7004 /* Build configuration list for PBXProject "EmbeddedSystemsPresentation" */;
			compatibilityVersion = "Xcode 14.0";
			developmentRegion = en;
			hasScannedForEncodings = 0;
			knownRegions = (
				en,
				Base,
			);
			mainGroup = 402D3D162AD31EF900EB7004;
			packageReferences = (
				402D3D312AD31F2700EB7004 /* XCRemoteSwiftPackageReference "PresentationKit" */,
				402D3D3E2AD32FB900EB7004 /* XCRemoteSwiftPackageReference "SwiftUI-Shimmer" */,
			);
			productRefGroup = 402D3D202AD31EF900EB7004 /* Products */;
			projectDirPath = "";
			projectRoot = "";
			targets = (
				402D3D1E2AD31EF900EB7004 /* EmbeddedSystemsPresentation */,
			);
		};
/* End PBXProject section */

/* Begin PBXResourcesBuildPhase section */
		402D3D1D2AD31EF900EB7004 /* Resources */ = {
			isa = PBXResourcesBuildPhase;
			buildActionMask = 2147483647;
			files = (
				402D3D2A2AD31EFA00EB7004 /* Preview Assets.xcassets in Resources */,
				402D3D272AD31EFA00EB7004 /* Assets.xcassets in Resources */,
			);
			runOnlyForDeploymentPostprocessing = 0;
		};
/* End PBXResourcesBuildPhase section */

/* Begin PBXSourcesBuildPhase section */
		402D3D1B2AD31EF900EB7004 /* Sources */ = {
			isa = PBXSourcesBuildPhase;
			buildActionMask = 2147483647;
			files = (
				402D3D362AD31FFC00EB7004 /* Title.swift in Sources */,
				402D3D3A2AD3243F00EB7004 /* MCU.swift in Sources */,
				402D3D422AD394FF00EB7004 /* Arduino.swift in Sources */,
				402D3D4D2AD70C1700EB7004 /* Rust.swift in Sources */,
				402D3D442AD39D1600EB7004 /* SwiftIntro.swift in Sources */,
				402D3D382AD3224400EB7004 /* What.swift in Sources */,
				402D3D4B2AD7063100EB7004 /* Code.swift in Sources */,
				402D3D232AD31EF900EB7004 /* EmbeddedSystemsPresentationApp.swift in Sources */,
			);
			runOnlyForDeploymentPostprocessing = 0;
		};
/* End PBXSourcesBuildPhase section */

/* Begin XCBuildConfiguration section */
		402D3D2C2AD31EFA00EB7004 /* Debug */ = {
			isa = XCBuildConfiguration;
			buildSettings = {
				ALWAYS_SEARCH_USER_PATHS = NO;
				ASSETCATALOG_COMPILER_GENERATE_SWIFT_ASSET_SYMBOL_EXTENSIONS = YES;
				CLANG_ANALYZER_NONNULL = YES;
				CLANG_ANALYZER_NUMBER_OBJECT_CONVERSION = YES_AGGRESSIVE;
				CLANG_CXX_LANGUAGE_STANDARD = "gnu++20";
				CLANG_ENABLE_MODULES = YES;
				CLANG_ENABLE_OBJC_ARC = YES;
				CLANG_ENABLE_OBJC_WEAK = YES;
				CLANG_WARN_BLOCK_CAPTURE_AUTORELEASING = YES;
				CLANG_WARN_BOOL_CONVERSION = YES;
				CLANG_WARN_COMMA = YES;
				CLANG_WARN_CONSTANT_CONVERSION = YES;
				CLANG_WARN_DEPRECATED_OBJC_IMPLEMENTATIONS = YES;
				CLANG_WARN_DIRECT_OBJC_ISA_USAGE = YES_ERROR;
				CLANG_WARN_DOCUMENTATION_COMMENTS = YES;
				CLANG_WARN_EMPTY_BODY = YES;
				CLANG_WARN_ENUM_CONVERSION = YES;
				CLANG_WARN_INFINITE_RECURSION = YES;
				CLANG_WARN_INT_CONVERSION = YES;
				CLANG_WARN_NON_LITERAL_NULL_CONVERSION = YES;
				CLANG_WARN_OBJC_IMPLICIT_RETAIN_SELF = YES;
				CLANG_WARN_OBJC_LITERAL_CONVERSION = YES;
				CLANG_WARN_OBJC_ROOT_CLASS = YES_ERROR;
				CLANG_WARN_QUOTED_INCLUDE_IN_FRAMEWORK_HEADER = YES;
				CLANG_WARN_RANGE_LOOP_ANALYSIS = YES;
				CLANG_WARN_STRICT_PROTOTYPES = YES;
				CLANG_WARN_SUSPICIOUS_MOVE = YES;
				CLANG_WARN_UNGUARDED_AVAILABILITY = YES_AGGRESSIVE;
				CLANG_WARN_UNREACHABLE_CODE = YES;
				CLANG_WARN__DUPLICATE_METHOD_MATCH = YES;
				COPY_PHASE_STRIP = NO;
				DEBUG_INFORMATION_FORMAT = dwarf;
				ENABLE_STRICT_OBJC_MSGSEND = YES;
				ENABLE_TESTABILITY = YES;
				ENABLE_USER_SCRIPT_SANDBOXING = YES;
				GCC_C_LANGUAGE_STANDARD = gnu17;
				GCC_DYNAMIC_NO_PIC = NO;
				GCC_NO_COMMON_BLOCKS = YES;
				GCC_OPTIMIZATION_LEVEL = 0;
				GCC_PREPROCESSOR_DEFINITIONS = (
					"DEBUG=1",
					"$(inherited)",
				);
				GCC_WARN_64_TO_32_BIT_CONVERSION = YES;
				GCC_WARN_ABOUT_RETURN_TYPE = YES_ERROR;
				GCC_WARN_UNDECLARED_SELECTOR = YES;
				GCC_WARN_UNINITIALIZED_AUTOS = YES_AGGRESSIVE;
				GCC_WARN_UNUSED_FUNCTION = YES;
				GCC_WARN_UNUSED_VARIABLE = YES;
				LOCALIZATION_PREFERS_STRING_CATALOGS = YES;
				MACOSX_DEPLOYMENT_TARGET = 14.0;
				MTL_ENABLE_DEBUG_INFO = INCLUDE_SOURCE;
				MTL_FAST_MATH = YES;
				ONLY_ACTIVE_ARCH = YES;
				SDKROOT = macosx;
				SWIFT_ACTIVE_COMPILATION_CONDITIONS = "DEBUG $(inherited)";
				SWIFT_OPTIMIZATION_LEVEL = "-Onone";
			};
			name = Debug;
		};
		402D3D2D2AD31EFA00EB7004 /* Release */ = {
			isa = XCBuildConfiguration;
			buildSettings = {
				ALWAYS_SEARCH_USER_PATHS = NO;
				ASSETCATALOG_COMPILER_GENERATE_SWIFT_ASSET_SYMBOL_EXTENSIONS = YES;
				CLANG_ANALYZER_NONNULL = YES;
				CLANG_ANALYZER_NUMBER_OBJECT_CONVERSION = YES_AGGRESSIVE;
				CLANG_CXX_LANGUAGE_STANDARD = "gnu++20";
				CLANG_ENABLE_MODULES = YES;
				CLANG_ENABLE_OBJC_ARC = YES;
				CLANG_ENABLE_OBJC_WEAK = YES;
				CLANG_WARN_BLOCK_CAPTURE_AUTORELEASING = YES;
				CLANG_WARN_BOOL_CONVERSION = YES;
				CLANG_WARN_COMMA = YES;
				CLANG_WARN_CONSTANT_CONVERSION = YES;
				CLANG_WARN_DEPRECATED_OBJC_IMPLEMENTATIONS = YES;
				CLANG_WARN_DIRECT_OBJC_ISA_USAGE = YES_ERROR;
				CLANG_WARN_DOCUMENTATION_COMMENTS = YES;
				CLANG_WARN_EMPTY_BODY = YES;
				CLANG_WARN_ENUM_CONVERSION = YES;
				CLANG_WARN_INFINITE_RECURSION = YES;
				CLANG_WARN_INT_CONVERSION = YES;
				CLANG_WARN_NON_LITERAL_NULL_CONVERSION = YES;
				CLANG_WARN_OBJC_IMPLICIT_RETAIN_SELF = YES;
				CLANG_WARN_OBJC_LITERAL_CONVERSION = YES;
				CLANG_WARN_OBJC_ROOT_CLASS = YES_ERROR;
				CLANG_WARN_QUOTED_INCLUDE_IN_FRAMEWORK_HEADER = YES;
				CLANG_WARN_RANGE_LOOP_ANALYSIS = YES;
				CLANG_WARN_STRICT_PROTOTYPES = YES;
				CLANG_WARN_SUSPICIOUS_MOVE = YES;
				CLANG_WARN_UNGUARDED_AVAILABILITY = YES_AGGRESSIVE;
				CLANG_WARN_UNREACHABLE_CODE = YES;
				CLANG_WARN__DUPLICATE_METHOD_MATCH = YES;
				COPY_PHASE_STRIP = NO;
				DEBUG_INFORMATION_FORMAT = "dwarf-with-dsym";
				ENABLE_NS_ASSERTIONS = NO;
				ENABLE_STRICT_OBJC_MSGSEND = YES;
				ENABLE_USER_SCRIPT_SANDBOXING = YES;
				GCC_C_LANGUAGE_STANDARD = gnu17;
				GCC_NO_COMMON_BLOCKS = YES;
				GCC_WARN_64_TO_32_BIT_CONVERSION = YES;
				GCC_WARN_ABOUT_RETURN_TYPE = YES_ERROR;
				GCC_WARN_UNDECLARED_SELECTOR = YES;
				GCC_WARN_UNINITIALIZED_AUTOS = YES_AGGRESSIVE;
				GCC_WARN_UNUSED_FUNCTION = YES;
				GCC_WARN_UNUSED_VARIABLE = YES;
				LOCALIZATION_PREFERS_STRING_CATALOGS = YES;
				MACOSX_DEPLOYMENT_TARGET = 14.0;
				MTL_ENABLE_DEBUG_INFO = NO;
				MTL_FAST_MATH = YES;
				SDKROOT = macosx;
				SWIFT_COMPILATION_MODE = wholemodule;
			};
			name = Release;
		};
		402D3D2F2AD31EFA00EB7004 /* Debug */ = {
			isa = XCBuildConfiguration;
			buildSettings = {
				ASSETCATALOG_COMPILER_APPICON_NAME = AppIcon;
				ASSETCATALOG_COMPILER_GLOBAL_ACCENT_COLOR_NAME = AccentColor;
				CODE_SIGN_ENTITLEMENTS = EmbeddedSystemsPresentation/EmbeddedSystemsPresentation.entitlements;
				CODE_SIGN_STYLE = Automatic;
				COMBINE_HIDPI_IMAGES = YES;
				CURRENT_PROJECT_VERSION = 1;
				DEVELOPMENT_ASSET_PATHS = "\"EmbeddedSystemsPresentation/Preview Content\"";
				DEVELOPMENT_TEAM = 84WPVNZ8GM;
				ENABLE_HARDENED_RUNTIME = YES;
				ENABLE_PREVIEWS = YES;
				GENERATE_INFOPLIST_FILE = YES;
				INFOPLIST_KEY_NSHumanReadableCopyright = "";
				LD_RUNPATH_SEARCH_PATHS = (
					"$(inherited)",
					"@executable_path/../Frameworks",
				);
				MARKETING_VERSION = 1.0;
				PRODUCT_BUNDLE_IDENTIFIER = AdinAck.EmbeddedSystemsPresentation;
				PRODUCT_NAME = "$(TARGET_NAME)";
				SWIFT_EMIT_LOC_STRINGS = YES;
				SWIFT_VERSION = 5.0;
			};
			name = Debug;
		};
		402D3D302AD31EFA00EB7004 /* Release */ = {
			isa = XCBuildConfiguration;
			buildSettings = {
				ASSETCATALOG_COMPILER_APPICON_NAME = AppIcon;
				ASSETCATALOG_COMPILER_GLOBAL_ACCENT_COLOR_NAME = AccentColor;
				CODE_SIGN_ENTITLEMENTS = EmbeddedSystemsPresentation/EmbeddedSystemsPresentation.entitlements;
				CODE_SIGN_STYLE = Automatic;
				COMBINE_HIDPI_IMAGES = YES;
				CURRENT_PROJECT_VERSION = 1;
				DEVELOPMENT_ASSET_PATHS = "\"EmbeddedSystemsPresentation/Preview Content\"";
				DEVELOPMENT_TEAM = 84WPVNZ8GM;
				ENABLE_HARDENED_RUNTIME = YES;
				ENABLE_PREVIEWS = YES;
				GENERATE_INFOPLIST_FILE = YES;
				INFOPLIST_KEY_NSHumanReadableCopyright = "";
				LD_RUNPATH_SEARCH_PATHS = (
					"$(inherited)",
					"@executable_path/../Frameworks",
				);
				MARKETING_VERSION = 1.0;
				PRODUCT_BUNDLE_IDENTIFIER = AdinAck.EmbeddedSystemsPresentation;
				PRODUCT_NAME = "$(TARGET_NAME)";
				SWIFT_EMIT_LOC_STRINGS = YES;
				SWIFT_VERSION = 5.0;
			};
			name = Release;
		};
/* End XCBuildConfiguration section */

/* Begin XCConfigurationList section */
		402D3D1A2AD31EF900EB7004 /* Build configuration list for PBXProject "EmbeddedSystemsPresentation" */ = {
			isa = XCConfigurationList;
			buildConfigurations = (
				402D3D2C2AD31EFA00EB7004 /* Debug */,
				402D3D2D2AD31EFA00EB7004 /* Release */,
			);
			defaultConfigurationIsVisible = 0;
			defaultConfigurationName = Release;
		};
		402D3D2E2AD31EFA00EB7004 /* Build configuration list for PBXNativeTarget "EmbeddedSystemsPresentation" */ = {
			isa = XCConfigurationList;
			buildConfigurations = (
				402D3D2F2AD31EFA00EB7004 /* Debug */,
				402D3D302AD31EFA00EB7004 /* Release */,
			);
			defaultConfigurationIsVisible = 0;
			defaultConfigurationName = Release;
		};
/* End XCConfigurationList section */

/* Begin XCRemoteSwiftPackageReference section */
		402D3D312AD31F2700EB7004 /* XCRemoteSwiftPackageReference "PresentationKit" */ = {
			isa = XCRemoteSwiftPackageReference;
			repositoryURL = "https://github.com/AdinAck/PresentationKit";
			requirement = {
				branch = main;
				kind = branch;
			};
		};
		402D3D3E2AD32FB900EB7004 /* XCRemoteSwiftPackageReference "SwiftUI-Shimmer" */ = {
			isa = XCRemoteSwiftPackageReference;
			repositoryURL = "https://github.com/markiv/SwiftUI-Shimmer";
			requirement = {
				kind = upToNextMajorVersion;
				minimumVersion = 1.4.0;
			};
		};
/* End XCRemoteSwiftPackageReference section */

/* Begin XCSwiftPackageProductDependency section */
		402D3D322AD31F2700EB7004 /* PresentationKit */ = {
			isa = XCSwiftPackageProductDependency;
			package = 402D3D312AD31F2700EB7004 /* XCRemoteSwiftPackageReference "PresentationKit" */;
			productName = PresentationKit;
		};
		402D3D3F2AD32FB900EB7004 /* Shimmer */ = {
			isa = XCSwiftPackageProductDependency;
			package = 402D3D3E2AD32FB900EB7004 /* XCRemoteSwiftPackageReference "SwiftUI-Shimmer" */;
			productName = Shimmer;
		};
/* End XCSwiftPackageProductDependency section */
	};
	rootObject = 402D3D172AD31EF900EB7004 /* Project object */;
}
